<Solution>
  <Project Path="Assembly-CSharp.csproj" />
  <Project Path="Fusion.Unity.Editor.csproj" />
  <Project Path="ProjectIO.ResourceSpawn.csproj" />
  <Project Path="ProjectIO.Monsters.csproj" />
  <Project Path="Fusion.Addons.Physics.csproj" />
  <Project Path="Fusion.Addons.FSM.Editor.csproj" />
  <Project Path="ProjectIO.GridPlacement.Tests.csproj" />
  <Project Path="ProjectIO.ResourceSpawn.Tests.csproj" />
  <Project Path="Assembly-CSharp-Editor.csproj" />
  <Project Path="Assembly-CSharp-firstpass.csproj" />
  <Project Path="ProjectIO.GridPlacement.csproj" />
  <Project Path="ProjectIO.Construction.csproj" />
  <Project Path="ProjectIO.Territory.ChunkDomain.Tests.csproj" />
  <Project Path="Fusion.Unity.csproj" />
  <Project Path="ProjectIO.Territory.ChunkDomain.csproj" />
  <Project Path="ProjectIO.ResourceEconomy.csproj" />
  <Project Path="ProjectIO.MatchProgression.csproj" />
  <Project Path="Fusion.Addons.Physics.Editor.csproj" />
  <Project Path="ProjectIO.Monsters.Tests.csproj" />
  <Project Path="ProjectIO.Construction.Tests.csproj" />
  <Project Path="Fusion.Addons.FSM.csproj" />
  <Project Path="ProjectIO.MatchProgression.Tests.csproj" />
  <Project Path="ProjectIO.Monsters.UseCases.csproj" />
  <Project Path="ProjectIO.ResourceEconomy.Tests.csproj" />
  <Project Path="Unity.Fusion.CodeGen.csproj" />
</Solution>
